// !$*UTF8*$!
{
	archiveVersion = 1;
	classes = {
	};
	objectVersion = 55;
	objects = {

/* Begin PBXBuildFile section */
		3DD134B4279793F100A2BAD7 /* AppDelegate.swift in Sources */ = {isa = PBXBuildFile; fileRef = 3DD134B3279793F100A2BAD7 /* AppDelegate.swift */; };
		3DD134B6279793F100A2BAD7 /* SceneDelegate.swift in Sources */ = {isa = PBXBuildFile; fileRef = 3DD134B5279793F100A2BAD7 /* SceneDelegate.swift */; };
		3DD134B8279793F100A2BAD7 /* ViewController.swift in Sources */ = {isa = PBXBuildFile; fileRef = 3DD134B7279793F100A2BAD7 /* ViewController.swift */; };
		3DD134BD279793F100A2BAD7 /* Assets.xcassets in Resources */ = {isa = PBXBuildFile; fileRef = 3DD134BC279793F100A2BAD7 /* Assets.xcassets */; };
		3DD134C0279793F100A2BAD7 /* LaunchScreen.storyboard in Resources */ = {isa = PBXBuildFile; fileRef = 3DD134BE279793F100A2BAD7 /* LaunchScreen.storyboard */; };
		3DD134D12797954C00A2BAD7 /* WinningPositions.swift in Sources */ = {isa = PBXBuildFile; fileRef = 3DD134D02797954C00A2BAD7 /* WinningPositions.swift */; };
		3DD134D727979C9E00A2BAD7 /* Main.storyboard in Resources */ = {isa = PBXBuildFile; fileRef = 3DD134D627979C9E00A2BAD7 /* Main.storyboard */; };
		3DD134DC2797A16500A2BAD7 /* nought.png in Resources */ = {isa = PBXBuildFile; fileRef = 3DD134D92797A16500A2BAD7 /* nought.png */; };
		3DD134DD2797A16500A2BAD7 /* cross.png in Resources */ = {isa = PBXBuildFile; fileRef = 3DD134DA2797A16500A2BAD7 /* cross.png */; };
		3DD134DE2797A16500A2BAD7 /* board.png in Resources */ = {isa = PBXBuildFile; fileRef = 3DD134DB2797A16500A2BAD7 /* board.png */; };
/* End PBXBuildFile section */

/* Begin PBXFileReference section */
		3DD134B0279793F100A2BAD7 /* Lab1_snehitha_C0834351_iOS.app */ = {isa = PBXFileReference; explicitFileType = wrapper.application; includeInIndex = 0; path = Lab1_snehitha_C0834351_iOS.app; sourceTree = BUILT_PRODUCTS_DIR; };
		3DD134B3279793F100A2BAD7 /* AppDelegate.swift */ = {isa = PBXFileReference; lastKnownFileType = sourcecode.swift; path = AppDelegate.swift; sourceTree = "<group>"; };
		3DD134B5279793F100A2BAD7 /* SceneDelegate.swift */ = {isa = PBXFileReference; lastKnownFileType = sourcecode.swift; path = SceneDelegate.swift; sourceTree = "<group>"; };
		3DD134B7279793F100A2BAD7 /* ViewController.swift */ = {isa = PBXFileReference; lastKnownFileType = sourcecode.swift; path = ViewController.swift; sourceTree = "<group>"; };
		3DD134BC279793F100A2BAD7 /* Assets.xcassets */ = {isa = PBXFileReference; lastKnownFileType = folder.assetcatalog; path = Assets.xcassets; sourceTree = "<group>"; };
		3DD134BF279793F100A2BAD7 /* Base */ = {isa = PBXFileReference; lastKnownFileType = file.storyboard; name = Base; path = Base.lproj/LaunchScreen.storyboard; sourceTree = "<group>"; };
		3DD134C1279793F100A2BAD7 /* Info.plist */ = {isa = PBXFileReference; lastKnownFileType = text.plist.xml; path = Info.plist; sourceTree = "<group>"; };
		3DD134D02797954C00A2BAD7 /* WinningPositions.swift */ = {isa = PBXFileReference; fileEncoding = 4; lastKnownFileType = sourcecode.swift; path = WinningPositions.swift; sourceTree = "<group>"; };
		3DD134D627979C9E00A2BAD7 /* Main.storyboard */ = {isa = PBXFileReference; fileEncoding = 4; lastKnownFileType = file.storyboard; path = Main.storyboard; sourceTree = "<group>"; };
		3DD134D92797A16500A2BAD7 /* nought.png */ = {isa = PBXFileReference; lastKnownFileType = image.png; path = nought.png; sourceTree = "<group>"; };
		3DD134DA2797A16500A2BAD7 /* cross.png */ = {isa = PBXFileReference; lastKnownFileType = image.png; path = cross.png; sourceTree = "<group>"; };
		3DD134DB2797A16500A2BAD7 /* board.png */ = {isa = PBXFileReference; lastKnownFileType = image.png; path = board.png; sourceTree = "<group>"; };
/* End PBXFileReference section */

/* Begin PBXFrameworksBuildPhase section */
		3DD134AD279793F100A2BAD7 /* Frameworks */ = {
			isa = PBXFrameworksBuildPhase;
			buildActionMask = 2147483647;
			files = (
			);
			runOnlyForDeploymentPostprocessing = 0;
		};
/* End PBXFrameworksBuildPhase section */

/* Begin PBXGroup section */
		3DD134A7279793F100A2BAD7 = {
			isa = PBXGroup;
			children = (
				3DD134B2279793F100A2BAD7 /* Lab1_snehitha_C0834351_iOS */,
				3DD134B1279793F100A2BAD7 /* Products */,
			);
			sourceTree = "<group>";
		};
		3DD134B1279793F100A2BAD7 /* Products */ = {
			isa = PBXGroup;
			children = (
				3DD134B0279793F100A2BAD7 /* Lab1_snehitha_C0834351_iOS.app */,
			);
			name = Products;
			sourceTree = "<group>";
		};
		3DD134B2279793F100A2BAD7 /* Lab1_snehitha_C0834351_iOS */ = {
			isa = PBXGroup;
			children = (
				3DD134D82797A14700A2BAD7 /* res */,
				3DD134C92797941B00A2BAD7 /* controller */,
				3DD134C82797941200A2BAD7 /* view */,
				3DD134C72797940900A2BAD7 /* model */,
				3DD134B3279793F100A2BAD7 /* AppDelegate.swift */,
				3DD134B5279793F100A2BAD7 /* SceneDelegate.swift */,
				3DD134BC279793F100A2BAD7 /* Assets.xcassets */,
				3DD134BE279793F100A2BAD7 /* LaunchScreen.storyboard */,
				3DD134C1279793F100A2BAD7 /* Info.plist */,
			);
			path = Lab1_snehitha_C0834351_iOS;
			sourceTree = "<group>";
		};
		3DD134C72797940900A2BAD7 /* model */ = {
			isa = PBXGroup;
			children = (
				3DD134D02797954C00A2BAD7 /* WinningPositions.swift */,
			);
			path = model;
			sourceTree = "<group>";
		};
		3DD134C82797941200A2BAD7 /* view */ = {
			isa = PBXGroup;
			children = (
				3DD134D627979C9E00A2BAD7 /* Main.storyboard */,
			);
			path = view;
			sourceTree = "<group>";
		};
		3DD134C92797941B00A2BAD7 /* controller */ = {
			isa = PBXGroup;
			children = (
				3DD134B7279793F100A2BAD7 /* ViewController.swift */,
			);
			path = controller;
			sourceTree = "<group>";
		};
		3DD134D82797A14700A2BAD7 /* res */ = {
			isa = PBXGroup;
			children = (
				3DD134DB2797A16500A2BAD7 /* board.png */,
				3DD134DA2797A16500A2BAD7 /* cross.png */,
				3DD134D92797A16500A2BAD7 /* nought.png */,
			);
			path = res;
			sourceTree = "<group>";
		};
/* End PBXGroup section */

/* Begin PBXNativeTarget section */
		3DD134AF279793F100A2BAD7 /* Lab1_snehitha_C0834351_iOS */ = {
			isa = PBXNativeTarget;
			buildConfigurationList = 3DD134C4279793F100A2BAD7 /* Build configuration list for PBXNativeTarget "Lab1_snehitha_C0834351_iOS" */;
			buildPhases = (
				3DD134AC279793F100A2BAD7 /* Sources */,
				3DD134AD279793F100A2BAD7 /* Frameworks */,
				3DD134AE279793F100A2BAD7 /* Resources */,
			);
			buildRules = (
			);
			dependencies = (
			);
			name = Lab1_snehitha_C0834351_iOS;
			productName = Lab1_snehitha_C0834351_iOS;
			productReference = 3DD134B0279793F100A2BAD7 /* Lab1_snehitha_C0834351_iOS.app */;
			productType = "com.apple.product-type.application";
		};
/* End PBXNativeTarget section */

/* Begin PBXProject section */
		3DD134A8279793F100A2BAD7 /* Project object */ = {
			isa = PBXProject;
			attributes = {
				BuildIndependentTargetsInParallel = 1;
				LastSwiftUpdateCheck = 1320;
				LastUpgradeCheck = 1320;
				TargetAttributes = {
					3DD134AF279793F100A2BAD7 = {
						CreatedOnToolsVersion = 13.2.1;
					};
				};
			};
			buildConfigurationList = 3DD134AB279793F100A2BAD7 /* Build configuration list for PBXProject "Lab1_snehitha_C0834351_iOS" */;
			compatibilityVersion = "Xcode 13.0";
			developmentRegion = en;
			hasScannedForEncodings = 0;
			knownRegions = (
				en,
				Base,
			);
			mainGroup = 3DD134A7279793F100A2BAD7;
			productRefGroup = 3DD134B1279793F100A2BAD7 /* Products */;
			projectDirPath = "";
			projectRoot = "";
			targets = (
				3DD134AF279793F100A2BAD7 /* Lab1_snehitha_C0834351_iOS */,
			);
		};
/* End PBXProject section */

/* Begin PBXResourcesBuildPhase section */
		3DD134AE279793F100A2BAD7 /* Resources */ = {
			isa = PBXResourcesBuildPhase;
			buildActionMask = 2147483647;
			files = (
				3DD134DD2797A16500A2BAD7 /* cross.png in Resources */,
				3DD134C0279793F100A2BAD7 /* LaunchScreen.storyboard in Resources */,
				3DD134DE2797A16500A2BAD7 /* board.png in Resources */,
				3DD134BD279793F100A2BAD7 /* Assets.xcassets in Resources */,
				3DD134DC2797A16500A2BAD7 /* nought.png in Resources */,
				3DD134D727979C9E00A2BAD7 /* Main.storyboard in Resources */,
			);
			runOnlyForDeploymentPostprocessing = 0;
		};
/* End PBXResourcesBuildPhase section */

/* Begin PBXSourcesBuildPhase section */
		3DD134AC279793F100A2BAD7 /* Sources */ = {
			isa = PBXSourcesBuildPhase;
			buildActionMask = 2147483647;
			files = (
				3DD134B8279793F100A2BAD7 /* ViewController.swift in Sources */,
				3DD134B4279793F100A2BAD7 /* AppDelegate.swift in Sources */,
				3DD134B6279793F100A2BAD7 /* SceneDelegate.swift in Sources */,
				3DD134D12797954C00A2BAD7 /* WinningPositions.swift in Sources */,
			);
			runOnlyForDeploymentPostprocessing = 0;
		};
/* End PBXSourcesBuildPhase section */

/* Begin PBXVariantGroup section */
		3DD134BE279793F100A2BAD7 /* LaunchScreen.storyboard */ = {
			isa = PBXVariantGroup;
			children = (
				3DD134BF279793F100A2BAD7 /* Base */,
			);
			name = LaunchScreen.storyboard;
			sourceTree = "<group>";
		};
/* End PBXVariantGroup section */

/* Begin XCBuildConfiguration section */
		3DD134C2279793F100A2BAD7 /* Debug */ = {
			isa = XCBuildConfiguration;
			buildSettings = {
				ALWAYS_SEARCH_USER_PATHS = NO;
				CLANG_ANALYZER_NONNULL = YES;
				CLANG_ANALYZER_NUMBER_OBJECT_CONVERSION = YES_AGGRESSIVE;
				CLANG_CXX_LANGUAGE_STANDARD = "gnu++17";
				CLANG_CXX_LIBRARY = "libc++";
				CLANG_ENABLE_MODULES = YES;
				CLANG_ENABLE_OBJC_ARC = YES;
				CLANG_ENABLE_OBJC_WEAK = YES;
				CLANG_WARN_BLOCK_CAPTURE_AUTORELEASING = YES;
				CLANG_WARN_BOOL_CONVERSION = YES;
				CLANG_WARN_COMMA = YES;
				CLANG_WARN_CONSTANT_CONVERSION = YES;
				CLANG_WARN_DEPRECATED_OBJC_IMPLEMENTATIONS = YES;
				CLANG_WARN_DIRECT_OBJC_ISA_USAGE = YES_ERROR;
				CLANG_WARN_DOCUMENTATION_COMMENTS = YES;
				CLANG_WARN_EMPTY_BODY = YES;
				CLANG_WARN_ENUM_CONVERSION = YES;
				CLANG_WARN_INFINITE_RECURSION = YES;
				CLANG_WARN_INT_CONVERSION = YES;
				CLANG_WARN_NON_LITERAL_NULL_CONVERSION = YES;
				CLANG_WARN_OBJC_IMPLICIT_RETAIN_SELF = YES;
				CLANG_WARN_OBJC_LITERAL_CONVERSION = YES;
				CLANG_WARN_OBJC_ROOT_CLASS = YES_ERROR;
				CLANG_WARN_QUOTED_INCLUDE_IN_FRAMEWORK_HEADER = YES;
				CLANG_WARN_RANGE_LOOP_ANALYSIS = YES;
				CLANG_WARN_STRICT_PROTOTYPES = YES;
				CLANG_WARN_SUSPICIOUS_MOVE = YES;
				CLANG_WARN_UNGUARDED_AVAILABILITY = YES_AGGRESSIVE;
				CLANG_WARN_UNREACHABLE_CODE = YES;
				CLANG_WARN__DUPLICATE_METHOD_MATCH = YES;
				COPY_PHASE_STRIP = NO;
				DEBUG_INFORMATION_FORMAT = dwarf;
				ENABLE_STRICT_OBJC_MSGSEND = YES;
				ENABLE_TESTABILITY = YES;
				GCC_C_LANGUAGE_STANDARD = gnu11;
				GCC_DYNAMIC_NO_PIC = NO;
				GCC_NO_COMMON_BLOCKS = YES;
				GCC_OPTIMIZATION_LEVEL = 0;
				GCC_PREPROCESSOR_DEFINITIONS = (
					"DEBUG=1",
					"$(inherited)",
				);
				GCC_WARN_64_TO_32_BIT_CONVERSION = YES;
				GCC_WARN_ABOUT_RETURN_TYPE = YES_ERROR;
				GCC_WARN_UNDECLARED_SELECTOR = YES;
				GCC_WARN_UNINITIALIZED_AUTOS = YES_AGGRESSIVE;
				GCC_WARN_UNUSED_FUNCTION = YES;
				GCC_WARN_UNUSED_VARIABLE = YES;
				IPHONEOS_DEPLOYMENT_TARGET = 15.2;
				MTL_ENABLE_DEBUG_INFO = INCLUDE_SOURCE;
				MTL_FAST_MATH = YES;
				ONLY_ACTIVE_ARCH = YES;
				SDKROOT = iphoneos;
				SWIFT_ACTIVE_COMPILATION_CONDITIONS = DEBUG;
				SWIFT_OPTIMIZATION_LEVEL = "-Onone";
			};
			name = Debug;
		};
		3DD134C3279793F100A2BAD7 /* Release */ = {
			isa = XCBuildConfiguration;
			buildSettings = {
				ALWAYS_SEARCH_USER_PATHS = NO;
				CLANG_ANALYZER_NONNULL = YES;
				CLANG_ANALYZER_NUMBER_OBJECT_CONVERSION = YES_AGGRESSIVE;
				CLANG_CXX_LANGUAGE_STANDARD = "gnu++17";
				CLANG_CXX_LIBRARY = "libc++";
				CLANG_ENABLE_MODULES = YES;
				CLANG_ENABLE_OBJC_ARC = YES;
				CLANG_ENABLE_OBJC_WEAK = YES;
				CLANG_WARN_BLOCK_CAPTURE_AUTORELEASING = YES;
				CLANG_WARN_BOOL_CONVERSION = YES;
				CLANG_WARN_COMMA = YES;
				CLANG_WARN_CONSTANT_CONVERSION = YES;
				CLANG_WARN_DEPRECATED_OBJC_IMPLEMENTATIONS = YES;
				CLANG_WARN_DIRECT_OBJC_ISA_USAGE = YES_ERROR;
				CLANG_WARN_DOCUMENTATION_COMMENTS = YES;
				CLANG_WARN_EMPTY_BODY = YES;
				CLANG_WARN_ENUM_CONVERSION = YES;
				CLANG_WARN_INFINITE_RECURSION = YES;
				CLANG_WARN_INT_CONVERSION = YES;
				CLANG_WARN_NON_LITERAL_NULL_CONVERSION = YES;
				CLANG_WARN_OBJC_IMPLICIT_RETAIN_SELF = YES;
				CLANG_WARN_OBJC_LITERAL_CONVERSION = YES;
				CLANG_WARN_OBJC_ROOT_CLASS = YES_ERROR;
				CLANG_WARN_QUOTED_INCLUDE_IN_FRAMEWORK_HEADER = YES;
				CLANG_WARN_RANGE_LOOP_ANALYSIS = YES;
				CLANG_WARN_STRICT_PROTOTYPES = YES;
				CLANG_WARN_SUSPICIOUS_MOVE = YES;
				CLANG_WARN_UNGUARDED_AVAILABILITY = YES_AGGRESSIVE;
				CLANG_WARN_UNREACHABLE_CODE = YES;
				CLANG_WARN__DUPLICATE_METHOD_MATCH = YES;
				COPY_PHASE_STRIP = NO;
				DEBUG_INFORMATION_FORMAT = "dwarf-with-dsym";
				ENABLE_NS_ASSERTIONS = NO;
				ENABLE_STRICT_OBJC_MSGSEND = YES;
				GCC_C_LANGUAGE_STANDARD = gnu11;
				GCC_NO_COMMON_BLOCKS = YES;
				GCC_WARN_64_TO_32_BIT_CONVERSION = YES;
				GCC_WARN_ABOUT_RETURN_TYPE = YES_ERROR;
				GCC_WARN_UNDECLARED_SELECTOR = YES;
				GCC_WARN_UNINITIALIZED_AUTOS = YES_AGGRESSIVE;
				GCC_WARN_UNUSED_FUNCTION = YES;
				GCC_WARN_UNUSED_VARIABLE = YES;
				IPHONEOS_DEPLOYMENT_TARGET = 15.2;
				MTL_ENABLE_DEBUG_INFO = NO;
				MTL_FAST_MATH = YES;
				SDKROOT = iphoneos;
				SWIFT_COMPILATION_MODE = wholemodule;
				SWIFT_OPTIMIZATION_LEVEL = "-O";
				VALIDATE_PRODUCT = YES;
			};
			name = Release;
		};
		3DD134C5279793F100A2BAD7 /* Debug */ = {
			isa = XCBuildConfiguration;
			buildSettings = {
				ASSETCATALOG_COMPILER_APPICON_NAME = AppIcon;
				ASSETCATALOG_COMPILER_GLOBAL_ACCENT_COLOR_NAME = AccentColor;
				CODE_SIGN_STYLE = Automatic;
				CURRENT_PROJECT_VERSION = 1;
				DEVELOPMENT_TEAM = 632P5HTX5G;
				GENERATE_INFOPLIST_FILE = YES;
				INFOPLIST_FILE = Lab1_snehitha_C0834351_iOS/Info.plist;
				INFOPLIST_KEY_UIApplicationSupportsIndirectInputEvents = YES;
				INFOPLIST_KEY_UILaunchStoryboardName = LaunchScreen;
				INFOPLIST_KEY_UIMainStoryboardFile = Main;
				INFOPLIST_KEY_UISupportedInterfaceOrientations_iPad = "UIInterfaceOrientationPortrait UIInterfaceOrientationPortraitUpsideDown UIInterfaceOrientationLandscapeLeft UIInterfaceOrientationLandscapeRight";
				INFOPLIST_KEY_UISupportedInterfaceOrientations_iPhone = "UIInterfaceOrientationPortrait UIInterfaceOrientationLandscapeLeft UIInterfaceOrientationLandscapeRight";
				LD_RUNPATH_SEARCH_PATHS = (
					"$(inherited)",
					"@executable_path/Frameworks",
				);
				MARKETING_VERSION = 1.0;
				PRODUCT_BUNDLE_IDENTIFIER = "snehitha.Lab1-snehitha-C0834351-iOS";
				PRODUCT_NAME = "$(TARGET_NAME)";
				SWIFT_EMIT_LOC_STRINGS = YES;
				SWIFT_VERSION = 5.0;
				TARGETED_DEVICE_FAMILY = "1,2";
			};
			name = Debug;
		};
		3DD134C6279793F100A2BAD7 /* Release */ = {
			isa = XCBuildConfiguration;
			buildSettings = {
				ASSETCATALOG_COMPILER_APPICON_NAME = AppIcon;
				ASSETCATALOG_COMPILER_GLOBAL_ACCENT_COLOR_NAME = AccentColor;
				CODE_SIGN_STYLE = Automatic;
				CURRENT_PROJECT_VERSION = 1;
				DEVELOPMENT_TEAM = 632P5HTX5G;
				GENERATE_INFOPLIST_FILE = YES;
				INFOPLIST_FILE = Lab1_snehitha_C0834351_iOS/Info.plist;
				INFOPLIST_KEY_UIApplicationSupportsIndirectInputEvents = YES;
				INFOPLIST_KEY_UILaunchStoryboardName = LaunchScreen;
				INFOPLIST_KEY_UIMainStoryboardFile = Main;
				INFOPLIST_KEY_UISupportedInterfaceOrientations_iPad = "UIInterfaceOrientationPortrait UIInterfaceOrientationPortraitUpsideDown UIInterfaceOrientationLandscapeLeft UIInterfaceOrientationLandscapeRight";
				INFOPLIST_KEY_UISupportedInterfaceOrientations_iPhone = "UIInterfaceOrientationPortrait UIInterfaceOrientationLandscapeLeft UIInterfaceOrientationLandscapeRight";
				LD_RUNPATH_SEARCH_PATHS = (
					"$(inherited)",
					"@executable_path/Frameworks",
				);
				MARKETING_VERSION = 1.0;
				PRODUCT_BUNDLE_IDENTIFIER = "snehitha.Lab1-snehitha-C0834351-iOS";
				PRODUCT_NAME = "$(TARGET_NAME)";
				SWIFT_EMIT_LOC_STRINGS = YES;
				SWIFT_VERSION = 5.0;
				TARGETED_DEVICE_FAMILY = "1,2";
			};
			name = Release;
		};
/* End XCBuildConfiguration section */

/* Begin XCConfigurationList section */
		3DD134AB279793F100A2BAD7 /* Build configuration list for PBXProject "Lab1_snehitha_C0834351_iOS" */ = {
			isa = XCConfigurationList;
			buildConfigurations = (
				3DD134C2279793F100A2BAD7 /* Debug */,
				3DD134C3279793F100A2BAD7 /* Release */,
			);
			defaultConfigurationIsVisible = 0;
			defaultConfigurationName = Release;
		};
		3DD134C4279793F100A2BAD7 /* Build configuration list for PBXNativeTarget "Lab1_snehitha_C0834351_iOS" */ = {
			isa = XCConfigurationList;
			buildConfigurations = (
				3DD134C5279793F100A2BAD7 /* Debug */,
				3DD134C6279793F100A2BAD7 /* Release */,
			);
			defaultConfigurationIsVisible = 0;
			defaultConfigurationName = Release;
		};
/* End XCConfigurationList section */
	};
	rootObject = 3DD134A8279793F100A2BAD7 /* Project object */;
}
